// !$*UTF8*$!
{
	archiveVersion = 1;
	classes = {
	};
	objectVersion = 50;
	objects = {

/* Begin PBXBuildFile section */
		041B2785BFAB5438E06B9471 /* TabViewExampleView.swift in Sources */ = {isa = PBXBuildFile; fileRef = 5DB784DF4589095572C808AF /* TabViewExampleView.swift */; };
		0D59ED2A2733185463876E9C /* GestureExampleView.swift in Sources */ = {isa = PBXBuildFile; fileRef = 3172C9490396E8CEB55017A3 /* GestureExampleView.swift */; };
		2DBB09B8D69390D1192F389C /* ListExampleView.swift in Sources */ = {isa = PBXBuildFile; fileRef = 9445C7ED73FBB0732548628E /* ListExampleView.swift */; };
		5A43D4845D1ABE9E303C8992 /* FormExampleView.swift in Sources */ = {isa = PBXBuildFile; fileRef = 06A98812A91B076BF74A1347 /* FormExampleView.swift */; };
		7856A44F26F96E1700805C84 /* AppDelegate.swift in Sources */ = {isa = PBXBuildFile; fileRef = 7856A44E26F96E1700805C84 /* AppDelegate.swift */; };
		7856A45026F96E1700805C84 /* AppDelegate.swift in Sources */ = {isa = PBXBuildFile; fileRef = 7856A44E26F96E1700805C84 /* AppDelegate.swift */; };
		7856A45426F9710500805C84 /* SceneDelegate.swift in Sources */ = {isa = PBXBuildFile; fileRef = 7856A45326F9710500805C84 /* SceneDelegate.swift */; };
		7856A45526F9710500805C84 /* SceneDelegate.swift in Sources */ = {isa = PBXBuildFile; fileRef = 7856A45326F9710500805C84 /* SceneDelegate.swift */; };
		7856A46126F97BB200805C84 /* MemoryGraphModel.swift in Sources */ = {isa = PBXBuildFile; fileRef = 7856A46026F97BB200805C84 /* MemoryGraphModel.swift */; };
		7856A46226F97BB200805C84 /* MemoryGraphModel.swift in Sources */ = {isa = PBXBuildFile; fileRef = 7856A46026F97BB200805C84 /* MemoryGraphModel.swift */; };
		7856A46626F97BEE00805C84 /* MemoryGraphView.swift in Sources */ = {isa = PBXBuildFile; fileRef = 7856A46526F97BEE00805C84 /* MemoryGraphView.swift */; };
		7856A46726F97BEE00805C84 /* MemoryGraphView.swift in Sources */ = {isa = PBXBuildFile; fileRef = 7856A46526F97BEE00805C84 /* MemoryGraphView.swift */; };
		7856A46F26F9831D00805C84 /* MemoryGraphWithoutLeakView.swift in Sources */ = {isa = PBXBuildFile; fileRef = 7856A46E26F9831D00805C84 /* MemoryGraphWithoutLeakView.swift */; };
		7856A47026F9831D00805C84 /* MemoryGraphWithoutLeakView.swift in Sources */ = {isa = PBXBuildFile; fileRef = 7856A46E26F9831D00805C84 /* MemoryGraphWithoutLeakView.swift */; };
		7878E35C25A4483900AEE227 /* SwiftUIExampleApp.swift in Sources */ = {isa = PBXBuildFile; fileRef = 7878E34925A4483800AEE227 /* SwiftUIExampleApp.swift */; };
		7878E35D25A4483900AEE227 /* SwiftUIExampleApp.swift in Sources */ = {isa = PBXBuildFile; fileRef = 7878E34925A4483800AEE227 /* SwiftUIExampleApp.swift */; };
		7878E36025A4483900AEE227 /* Assets.xcassets in Resources */ = {isa = PBXBuildFile; fileRef = 7878E34B25A4483900AEE227 /* Assets.xcassets */; };
		7878E36125A4483900AEE227 /* Assets.xcassets in Resources */ = {isa = PBXBuildFile; fileRef = 7878E34B25A4483900AEE227 /* Assets.xcassets */; };
		7878E36D25A4498700AEE227 /* ModalSheetView.swift in Sources */ = {isa = PBXBuildFile; fileRef = 7878E36C25A4498600AEE227 /* ModalSheetView.swift */; };
		7878E36E25A4498700AEE227 /* ModalSheetView.swift in Sources */ = {isa = PBXBuildFile; fileRef = 7878E36C25A4498600AEE227 /* ModalSheetView.swift */; };
		78E058AD300B1D6900560150 /* MVVMexampleView.swift in Sources */ = {isa = PBXBuildFile; fileRef = 78E05895300B1D6900560150 /* MVVMexampleView.swift */; };
		78E058AE300B1D6900560150 /* ViewLifeCycleView.swift in Sources */ = {isa = PBXBuildFile; fileRef = 78E058A2300B1D6900560150 /* ViewLifeCycleView.swift */; };
		78E058AF300B1D6900560150 /* ScrollViewLazyVStackView.swift in Sources */ = {isa = PBXBuildFile; fileRef = 78E05892300B1D6900560150 /* ScrollViewLazyVStackView.swift */; };
		78E058B0300B1D6900560150 /* StateExampleView.swift in Sources */ = {isa = PBXBuildFile; fileRef = 78E0589A300B1D6900560150 /* StateExampleView.swift */; };
		78E058B1300B1D6900560150 /* ExtensionOnAnyView.swift in Sources */ = {isa = PBXBuildFile; fileRef = 78E05894300B1D6900560150 /* ExtensionOnAnyView.swift */; };
		78E058B2300B1D6900560150 /* UIElementsExampleView.swift in Sources */ = {isa = PBXBuildFile; fileRef = 78E058A5300B1D6900560150 /* UIElementsExampleView.swift */; };
		78E058B3300B1D6900560150 /* SizeClassesView.swift in Sources */ = {isa = PBXBuildFile; fileRef = 78E0589F300B1D6900560150 /* SizeClassesView.swift */; };
		78E058B4300B1D6900560150 /* EnvironmentObjectExampleView.swift in Sources */ = {isa = PBXBuildFile; fileRef = 78E05899300B1D6900560150 /* EnvironmentObjectExampleView.swift */; };
		78E058B5300B1D6900560150 /* SystemEnvironmentExampleView.swift in Sources */ = {isa = PBXBuildFile; fileRef = 78E058A7300B1D6900560150 /* SystemEnvironmentExampleView.swift */; };
		78E058B6300B1D6900560150 /* NavigationLinkExampleView.swift in Sources */ = {isa = PBXBuildFile; fileRef = 78E05891300B1D6900560150 /* NavigationLinkExampleView.swift */; };
		78E058B7300B1D6900560150 /* HomeView.swift in Sources */ = {isa = PBXBuildFile; fileRef = 78E058A1300B1D6900560150 /* HomeView.swift */; };
		78E058B8300B1D6900560150 /* ViewBuilderCustomView.swift in Sources */ = {isa = PBXBuildFile; fileRef = 78E05893300B1D6900560150 /* ViewBuilderCustomView.swift */; };
		78E058B9300B1D6900560150 /* CleanCodeViewUsingExtension.swift in Sources */ = {isa = PBXBuildFile; fileRef = 78E05898300B1D6900560150 /* CleanCodeViewUsingExtension.swift */; };
		78E058BA300B1D6900560150 /* CustomEnvironmentValueView.swift in Sources */ = {isa = PBXBuildFile; fileRef = 78E0589D300B1D6900560150 /* CustomEnvironmentValueView.swift */; };
		78E058BB300B1D6900560150 /* ViewBuilderTipsView.swift in Sources */ = {isa = PBXBuildFile; fileRef = 78E0589E300B1D6900560150 /* ViewBuilderTipsView.swift */; };
		78E058BC300B1D6900560150 /* GeometryReaderView.swift in Sources */ = {isa = PBXBuildFile; fileRef = 78E05890300B1D6900560150 /* GeometryReaderView.swift */; };
		78E058BD300B1D6900560150 /* SFSymbolsExampleView.swift in Sources */ = {isa = PBXBuildFile; fileRef = 78E058A8300B1D6900560150 /* SFSymbolsExampleView.swift */; };
		78E058BE300B1D6900560150 /* SimpleZoomAnimationView.swift in Sources */ = {isa = PBXBuildFile; fileRef = 78E058A6300B1D6900560150 /* SimpleZoomAnimationView.swift */; };
		78E058BF300B1D6900560150 /* StackExampleView.swift in Sources */ = {isa = PBXBuildFile; fileRef = 78E058A3300B1D6900560150 /* StackExampleView.swift */; };
		78E058C0300B1D6900560150 /* CleanCodeViewFunctionVariable.swift in Sources */ = {isa = PBXBuildFile; fileRef = 78E05897300B1D6900560150 /* CleanCodeViewFunctionVariable.swift */; };
		78E058C1300B1D6900560150 /* SpacerExampleView.swift in Sources */ = {isa = PBXBuildFile; fileRef = 78E058A4300B1D6900560150 /* SpacerExampleView.swift */; };
		78E058C2300B1D6900560150 /* BindingExampleView.swift in Sources */ = {isa = PBXBuildFile; fileRef = 78E0589B300B1D6900560150 /* BindingExampleView.swift */; };
		78E058C3300B1D6900560150 /* ViewModifierExampleView.swift in Sources */ = {isa = PBXBuildFile; fileRef = 78E058AA300B1D6900560150 /* ViewModifierExampleView.swift */; };
		78E058C4300B1D6900560150 /* ColorExampleView.swift in Sources */ = {isa = PBXBuildFile; fileRef = 78E058A9300B1D6900560150 /* ColorExampleView.swift */; };
		78E058C5300B1D6900560150 /* ObservableObjectExampleView.swift in Sources */ = {isa = PBXBuildFile; fileRef = 78E0589C300B1D6900560150 /* ObservableObjectExampleView.swift */; };
		78E058C6300B1D6900560150 /* MVVMexampleView.swift in Sources */ = {isa = PBXBuildFile; fileRef = 78E05895300B1D6900560150 /* MVVMexampleView.swift */; };
		78E058C7300B1D6900560150 /* ViewLifeCycleView.swift in Sources */ = {isa = PBXBuildFile; fileRef = 78E058A2300B1D6900560150 /* ViewLifeCycleView.swift */; };
		78E058C8300B1D6900560150 /* ScrollViewLazyVStackView.swift in Sources */ = {isa = PBXBuildFile; fileRef = 78E05892300B1D6900560150 /* ScrollViewLazyVStackView.swift */; };
		78E058C9300B1D6900560150 /* StateExampleView.swift in Sources */ = {isa = PBXBuildFile; fileRef = 78E0589A300B1D6900560150 /* StateExampleView.swift */; };
		78E058CA300B1D6900560150 /* ExtensionOnAnyView.swift in Sources */ = {isa = PBXBuildFile; fileRef = 78E05894300B1D6900560150 /* ExtensionOnAnyView.swift */; };
		78E058CB300B1D6900560150 /* UIElementsExampleView.swift in Sources */ = {isa = PBXBuildFile; fileRef = 78E058A5300B1D6900560150 /* UIElementsExampleView.swift */; };
		78E058CC300B1D6900560150 /* SizeClassesView.swift in Sources */ = {isa = PBXBuildFile; fileRef = 78E0589F300B1D6900560150 /* SizeClassesView.swift */; };
		78E058CD300B1D6900560150 /* EnvironmentObjectExampleView.swift in Sources */ = {isa = PBXBuildFile; fileRef = 78E05899300B1D6900560150 /* EnvironmentObjectExampleView.swift */; };
		78E058CE300B1D6900560150 /* SystemEnvironmentExampleView.swift in Sources */ = {isa = PBXBuildFile; fileRef = 78E058A7300B1D6900560150 /* SystemEnvironmentExampleView.swift */; };
		78E058CF300B1D6900560150 /* NavigationLinkExampleView.swift in Sources */ = {isa = PBXBuildFile; fileRef = 78E05891300B1D6900560150 /* NavigationLinkExampleView.swift */; };
		78E058D0300B1D6900560150 /* HomeView.swift in Sources */ = {isa = PBXBuildFile; fileRef = 78E058A1300B1D6900560150 /* HomeView.swift */; };
		78E058D1300B1D6900560150 /* ViewBuilderCustomView.swift in Sources */ = {isa = PBXBuildFile; fileRef = 78E05893300B1D6900560150 /* ViewBuilderCustomView.swift */; };
		78E058D2300B1D6900560150 /* CleanCodeViewUsingExtension.swift in Sources */ = {isa = PBXBuildFile; fileRef = 78E05898300B1D6900560150 /* CleanCodeViewUsingExtension.swift */; };
		78E058D3300B1D6900560150 /* CustomEnvironmentValueView.swift in Sources */ = {isa = PBXBuildFile; fileRef = 78E0589D300B1D6900560150 /* CustomEnvironmentValueView.swift */; };
		78E058D4300B1D6900560150 /* ViewBuilderTipsView.swift in Sources */ = {isa = PBXBuildFile; fileRef = 78E0589E300B1D6900560150 /* ViewBuilderTipsView.swift */; };
		78E058D5300B1D6900560150 /* GeometryReaderView.swift in Sources */ = {isa = PBXBuildFile; fileRef = 78E05890300B1D6900560150 /* GeometryReaderView.swift */; };
		78E058D6300B1D6900560150 /* SFSymbolsExampleView.swift in Sources */ = {isa = PBXBuildFile; fileRef = 78E058A8300B1D6900560150 /* SFSymbolsExampleView.swift */; };
		78E058D7300B1D6900560150 /* SimpleZoomAnimationView.swift in Sources */ = {isa = PBXBuildFile; fileRef = 78E058A6300B1D6900560150 /* SimpleZoomAnimationView.swift */; };
		78E058D8300B1D6900560150 /* StackExampleView.swift in Sources */ = {isa = PBXBuildFile; fileRef = 78E058A3300B1D6900560150 /* StackExampleView.swift */; };
		78E058D9300B1D6900560150 /* CleanCodeViewFunctionVariable.swift in Sources */ = {isa = PBXBuildFile; fileRef = 78E05897300B1D6900560150 /* CleanCodeViewFunctionVariable.swift */; };
		78E058DA300B1D6900560150 /* SpacerExampleView.swift in Sources */ = {isa = PBXBuildFile; fileRef = 78E058A4300B1D6900560150 /* SpacerExampleView.swift */; };
		78E058DB300B1D6900560150 /* BindingExampleView.swift in Sources */ = {isa = PBXBuildFile; fileRef = 78E0589B300B1D6900560150 /* BindingExampleView.swift */; };
		78E058DC300B1D6900560150 /* ViewModifierExampleView.swift in Sources */ = {isa = PBXBuildFile; fileRef = 78E058AA300B1D6900560150 /* ViewModifierExampleView.swift */; };
		78E058DD300B1D6900560150 /* ColorExampleView.swift in Sources */ = {isa = PBXBuildFile; fileRef = 78E058A9300B1D6900560150 /* ColorExampleView.swift */; };
		78E058DE300B1D6900560150 /* ObservableObjectExampleView.swift in Sources */ = {isa = PBXBuildFile; fileRef = 78E0589C300B1D6900560150 /* ObservableObjectExampleView.swift */; };
		7AC5BF072ECD4133221CC733 /* AsyncAwaitView.swift in Sources */ = {isa = PBXBuildFile; fileRef = D1C8EE61EF56C17CFEBFA1B8 /* AsyncAwaitView.swift */; };
		9855B6CC3268D3AB035EAD3B /* AnimationExampleView.swift in Sources */ = {isa = PBXBuildFile; fileRef = B21AA26CBA3716F8A4E97637 /* AnimationExampleView.swift */; };
		C7C642F8C7055257217B40CF /* GridLayoutView.swift in Sources */ = {isa = PBXBuildFile; fileRef = A357734999E6F13B8F0932E7 /* GridLayoutView.swift */; };
		C83F640CD6A72C0D38666AD5 /* StateManagementView.swift in Sources */ = {isa = PBXBuildFile; fileRef = 6C5CCE678106E32A8455AE4F /* StateManagementView.swift */; };
		F1A2B3C4D5E6F7890A1B2C3E /* ExamplesMainView.swift in Sources */ = {isa = PBXBuildFile; fileRef = E1A2B3C4D5E6F7890A1B2C3D /* ExamplesMainView.swift */; };
		F1A2B3C4D5E6F7890A1B2C3F /* ExamplesMainView.swift in Sources */ = {isa = PBXBuildFile; fileRef = E1A2B3C4D5E6F7890A1B2C3D /* ExamplesMainView.swift */; };
/* End PBXBuildFile section */

/* Begin PBXFileReference section */
		06A98812A91B076BF74A1347 /* FormExampleView.swift */ = {isa = PBXFileReference; includeInIndex = 1; lastKnownFileType = sourcecode.swift; path = FormExampleView.swift; sourceTree = "<group>"; };
		3172C9490396E8CEB55017A3 /* GestureExampleView.swift */ = {isa = PBXFileReference; includeInIndex = 1; lastKnownFileType = sourcecode.swift; path = GestureExampleView.swift; sourceTree = "<group>"; };
		5DB784DF4589095572C808AF /* TabViewExampleView.swift */ = {isa = PBXFileReference; includeInIndex = 1; lastKnownFileType = sourcecode.swift; path = TabViewExampleView.swift; sourceTree = "<group>"; };
		6C5CCE678106E32A8455AE4F /* StateManagementView.swift */ = {isa = PBXFileReference; includeInIndex = 1; lastKnownFileType = sourcecode.swift; path = StateManagementView.swift; sourceTree = "<group>"; };
		7856A44E26F96E1700805C84 /* AppDelegate.swift */ = {isa = PBXFileReference; lastKnownFileType = sourcecode.swift; path = AppDelegate.swift; sourceTree = "<group>"; };
		7856A45326F9710500805C84 /* SceneDelegate.swift */ = {isa = PBXFileReference; lastKnownFileType = sourcecode.swift; path = SceneDelegate.swift; sourceTree = "<group>"; };
		7856A46026F97BB200805C84 /* MemoryGraphModel.swift */ = {isa = PBXFileReference; lastKnownFileType = sourcecode.swift; path = MemoryGraphModel.swift; sourceTree = "<group>"; };
		7856A46526F97BEE00805C84 /* MemoryGraphView.swift */ = {isa = PBXFileReference; lastKnownFileType = sourcecode.swift; path = MemoryGraphView.swift; sourceTree = "<group>"; };
		7856A46E26F9831D00805C84 /* MemoryGraphWithoutLeakView.swift */ = {isa = PBXFileReference; fileEncoding = 4; lastKnownFileType = sourcecode.swift; path = MemoryGraphWithoutLeakView.swift; sourceTree = "<group>"; };
		7878E34925A4483800AEE227 /* SwiftUIExampleApp.swift */ = {isa = PBXFileReference; lastKnownFileType = sourcecode.swift; path = SwiftUIExampleApp.swift; sourceTree = "<group>"; };
		7878E34B25A4483900AEE227 /* Assets.xcassets */ = {isa = PBXFileReference; lastKnownFileType = folder.assetcatalog; path = Assets.xcassets; sourceTree = "<group>"; };
		7878E35025A4483900AEE227 /* SwiftUIExample.app */ = {isa = PBXFileReference; explicitFileType = wrapper.application; includeInIndex = 0; path = SwiftUIExample.app; sourceTree = BUILT_PRODUCTS_DIR; };
		7878E35325A4483900AEE227 /* Info.plist */ = {isa = PBXFileReference; lastKnownFileType = text.plist.xml; path = Info.plist; sourceTree = "<group>"; };
		7878E35825A4483900AEE227 /* SwiftUIExample.app */ = {isa = PBXFileReference; explicitFileType = wrapper.application; includeInIndex = 0; path = SwiftUIExample.app; sourceTree = BUILT_PRODUCTS_DIR; };
		7878E36C25A4498600AEE227 /* ModalSheetView.swift */ = {isa = PBXFileReference; lastKnownFileType = sourcecode.swift; path = ModalSheetView.swift; sourceTree = "<group>"; };
		78E05890300B1D6900560150 /* GeometryReaderView.swift */ = {isa = PBXFileReference; lastKnownFileType = sourcecode.swift; path = GeometryReaderView.swift; sourceTree = "<group>"; };
		78E05891300B1D6900560150 /* NavigationLinkExampleView.swift */ = {isa = PBXFileReference; lastKnownFileType = sourcecode.swift; path = NavigationLinkExampleView.swift; sourceTree = "<group>"; };
		78E05892300B1D6900560150 /* ScrollViewLazyVStackView.swift */ = {isa = PBXFileReference; lastKnownFileType = sourcecode.swift; path = ScrollViewLazyVStackView.swift; sourceTree = "<group>"; };
		78E05893300B1D6900560150 /* ViewBuilderCustomView.swift */ = {isa = PBXFileReference; lastKnownFileType = sourcecode.swift; path = ViewBuilderCustomView.swift; sourceTree = "<group>"; };
		78E05894300B1D6900560150 /* ExtensionOnAnyView.swift */ = {isa = PBXFileReference; lastKnownFileType = sourcecode.swift; path = ExtensionOnAnyView.swift; sourceTree = "<group>"; };
		78E05895300B1D6900560150 /* MVVMexampleView.swift */ = {isa = PBXFileReference; lastKnownFileType = sourcecode.swift; path = MVVMexampleView.swift; sourceTree = "<group>"; };
		78E05897300B1D6900560150 /* CleanCodeViewFunctionVariable.swift */ = {isa = PBXFileReference; lastKnownFileType = sourcecode.swift; path = CleanCodeViewFunctionVariable.swift; sourceTree = "<group>"; };
		78E05898300B1D6900560150 /* CleanCodeViewUsingExtension.swift */ = {isa = PBXFileReference; lastKnownFileType = sourcecode.swift; path = CleanCodeViewUsingExtension.swift; sourceTree = "<group>"; };
		78E05899300B1D6900560150 /* EnvironmentObjectExampleView.swift */ = {isa = PBXFileReference; lastKnownFileType = sourcecode.swift; path = EnvironmentObjectExampleView.swift; sourceTree = "<group>"; };
		78E0589A300B1D6900560150 /* StateExampleView.swift */ = {isa = PBXFileReference; lastKnownFileType = sourcecode.swift; path = StateExampleView.swift; sourceTree = "<group>"; };
		78E0589B300B1D6900560150 /* BindingExampleView.swift */ = {isa = PBXFileReference; lastKnownFileType = sourcecode.swift; path = BindingExampleView.swift; sourceTree = "<group>"; };
		78E0589C300B1D6900560150 /* ObservableObjectExampleView.swift */ = {isa = PBXFileReference; lastKnownFileType = sourcecode.swift; path = ObservableObjectExampleView.swift; sourceTree = "<group>"; };
		78E0589D300B1D6900560150 /* CustomEnvironmentValueView.swift */ = {isa = PBXFileReference; lastKnownFileType = sourcecode.swift; path = CustomEnvironmentValueView.swift; sourceTree = "<group>"; };
		78E0589E300B1D6900560150 /* ViewBuilderTipsView.swift */ = {isa = PBXFileReference; lastKnownFileType = sourcecode.swift; path = ViewBuilderTipsView.swift; sourceTree = "<group>"; };
		78E0589F300B1D6900560150 /* SizeClassesView.swift */ = {isa = PBXFileReference; lastKnownFileType = sourcecode.swift; path = SizeClassesView.swift; sourceTree = "<group>"; };
		78E058A1300B1D6900560150 /* HomeView.swift */ = {isa = PBXFileReference; lastKnownFileType = sourcecode.swift; path = HomeView.swift; sourceTree = "<group>"; };
		78E058A2300B1D6900560150 /* ViewLifeCycleView.swift */ = {isa = PBXFileReference; lastKnownFileType = sourcecode.swift; path = ViewLifeCycleView.swift; sourceTree = "<group>"; };
		78E058A3300B1D6900560150 /* StackExampleView.swift */ = {isa = PBXFileReference; lastKnownFileType = sourcecode.swift; path = StackExampleView.swift; sourceTree = "<group>"; };
		78E058A4300B1D6900560150 /* SpacerExampleView.swift */ = {isa = PBXFileReference; lastKnownFileType = sourcecode.swift; path = SpacerExampleView.swift; sourceTree = "<group>"; };
		78E058A5300B1D6900560150 /* UIElementsExampleView.swift */ = {isa = PBXFileReference; lastKnownFileType = sourcecode.swift; path = UIElementsExampleView.swift; sourceTree = "<group>"; };
		78E058A6300B1D6900560150 /* SimpleZoomAnimationView.swift */ = {isa = PBXFileReference; lastKnownFileType = sourcecode.swift; path = SimpleZoomAnimationView.swift; sourceTree = "<group>"; };
		78E058A7300B1D6900560150 /* SystemEnvironmentExampleView.swift */ = {isa = PBXFileReference; lastKnownFileType = sourcecode.swift; path = SystemEnvironmentExampleView.swift; sourceTree = "<group>"; };
		78E058A8300B1D6900560150 /* SFSymbolsExampleView.swift */ = {isa = PBXFileReference; lastKnownFileType = sourcecode.swift; path = SFSymbolsExampleView.swift; sourceTree = "<group>"; };
		78E058A9300B1D6900560150 /* ColorExampleView.swift */ = {isa = PBXFileReference; lastKnownFileType = sourcecode.swift; path = ColorExampleView.swift; sourceTree = "<group>"; };
		78E058AA300B1D6900560150 /* ViewModifierExampleView.swift */ = {isa = PBXFileReference; lastKnownFileType = sourcecode.swift; path = ViewModifierExampleView.swift; sourceTree = "<group>"; };
		9445C7ED73FBB0732548628E /* ListExampleView.swift */ = {isa = PBXFileReference; includeInIndex = 1; lastKnownFileType = sourcecode.swift; path = ListExampleView.swift; sourceTree = "<group>"; };
		A357734999E6F13B8F0932E7 /* GridLayoutView.swift */ = {isa = PBXFileReference; includeInIndex = 1; lastKnownFileType = sourcecode.swift; path = GridLayoutView.swift; sourceTree = "<group>"; };
		B21AA26CBA3716F8A4E97637 /* AnimationExampleView.swift */ = {isa = PBXFileReference; includeInIndex = 1; lastKnownFileType = sourcecode.swift; path = AnimationExampleView.swift; sourceTree = "<group>"; };
		D1C8EE61EF56C17CFEBFA1B8 /* AsyncAwaitView.swift */ = {isa = PBXFileReference; includeInIndex = 1; lastKnownFileType = sourcecode.swift; path = AsyncAwaitView.swift; sourceTree = "<group>"; };
		E1A2B3C4D5E6F7890A1B2C3D /* ExamplesMainView.swift */ = {isa = PBXFileReference; lastKnownFileType = sourcecode.swift; path = ExamplesMainView.swift; sourceTree = "<group>"; };
/* End PBXFileReference section */

/* Begin PBXFrameworksBuildPhase section */
		7878E34D25A4483900AEE227 /* Frameworks */ = {
			isa = PBXFrameworksBuildPhase;
			buildActionMask = 2147483647;
			files = (
			);
			runOnlyForDeploymentPostprocessing = 0;
		};
		7878E35525A4483900AEE227 /* Frameworks */ = {
			isa = PBXFrameworksBuildPhase;
			buildActionMask = 2147483647;
			files = (
			);
			runOnlyForDeploymentPostprocessing = 0;
		};
/* End PBXFrameworksBuildPhase section */

/* Begin PBXGroup section */
		47826A0E2B6FAD0D0043DEC5 /* Modal */ = {
			isa = PBXGroup;
			children = (
				7878E36C25A4498600AEE227 /* ModalSheetView.swift */,
			);
			path = Modal;
			sourceTree = "<group>";
		};
		72856EEE821A2C53703D96AB /* Forms */ = {
			isa = PBXGroup;
			children = (
				06A98812A91B076BF74A1347 /* FormExampleView.swift */,
			);
			path = Forms;
			sourceTree = "<group>";
		};
		7497B19D6CC95B26CF10BDA8 /* Lists */ = {
			isa = PBXGroup;
			children = (
				9445C7ED73FBB0732548628E /* ListExampleView.swift */,
			);
			path = Lists;
			sourceTree = "<group>";
		};
		7856A44026F96BAD00805C84 /* Configuration */ = {
			isa = PBXGroup;
			children = (
				7878E34925A4483800AEE227 /* SwiftUIExampleApp.swift */,
				7856A44E26F96E1700805C84 /* AppDelegate.swift */,
				7856A45326F9710500805C84 /* SceneDelegate.swift */,
			);
			path = Configuration;
			sourceTree = "<group>";
		};
		7856A44326F96BBA00805C84 /* Feature */ = {
			isa = PBXGroup;
			children = (
				47826A0E2B6FAD0D0043DEC5 /* Modal */,
				7856A45826F97B9600805C84 /* MemoryGraph */,
				7497B19D6CC95B26CF10BDA8 /* Lists */,
				72856EEE821A2C53703D96AB /* Forms */,
				FB9C40A1BE5315CF1C9BC0E9 /* Animations */,
				DB282FDD45D7ECCBD2516BBA /* Gestures */,
				BD1C273267923CB30F9B70D3 /* StateManagement */,
				A06766F30A559445E5E97BF4 /* GridLayouts */,
				DDC40E6968266273CCF2369C /* AsyncAwait */,
				82A925FE520D0980413BE0A3 /* TabViews */,
			);
			path = Feature;
			sourceTree = "<group>";
		};
		7856A45826F97B9600805C84 /* MemoryGraph */ = {
			isa = PBXGroup;
			children = (
				7856A46026F97BB200805C84 /* MemoryGraphModel.swift */,
				7856A46526F97BEE00805C84 /* MemoryGraphView.swift */,
				7856A46E26F9831D00805C84 /* MemoryGraphWithoutLeakView.swift */,
			);
			path = MemoryGraph;
			sourceTree = "<group>";
		};
		7878E34325A4483800AEE227 = {
			isa = PBXGroup;
			children = (
				7878E34825A4483800AEE227 /* App */,
				7878E35225A4483900AEE227 /* iOS */,
				7878E35125A4483900AEE227 /* Products */,
			);
			sourceTree = "<group>";
		};
		7878E34825A4483800AEE227 /* App */ = {
			isa = PBXGroup;
			children = (
				78E058AC300B1D6900560150 /* Examples */,
				7856A44326F96BBA00805C84 /* Feature */,
				7856A44026F96BAD00805C84 /* Configuration */,
				7878E34B25A4483900AEE227 /* Assets.xcassets */,
			);
			path = App;
			sourceTree = "<group>";
		};
		7878E35125A4483900AEE227 /* Products */ = {
			isa = PBXGroup;
			children = (
				7878E35025A4483900AEE227 /* SwiftUIExample.app */,
				7878E35825A4483900AEE227 /* SwiftUIExample.app */,
			);
			name = Products;
			sourceTree = "<group>";
		};
		7878E35225A4483900AEE227 /* iOS */ = {
			isa = PBXGroup;
			children = (
				7878E35325A4483900AEE227 /* Info.plist */,
			);
			path = iOS;
			sourceTree = "<group>";
		};
		78E05896300B1D6900560150 /* Advance */ = {
			isa = PBXGroup;
			children = (
				78E05890300B1D6900560150 /* GeometryReaderView.swift */,
				78E05891300B1D6900560150 /* NavigationLinkExampleView.swift */,
				78E05892300B1D6900560150 /* ScrollViewLazyVStackView.swift */,
				78E05893300B1D6900560150 /* ViewBuilderCustomView.swift */,
				78E05894300B1D6900560150 /* ExtensionOnAnyView.swift */,
				78E05895300B1D6900560150 /* MVVMexampleView.swift */,
			);
			path = Advance;
			sourceTree = "<group>";
		};
		78E058A0300B1D6900560150 /* Medium */ = {
			isa = PBXGroup;
			children = (
				78E05897300B1D6900560150 /* CleanCodeViewFunctionVariable.swift */,
				78E05898300B1D6900560150 /* CleanCodeViewUsingExtension.swift */,
				78E05899300B1D6900560150 /* EnvironmentObjectExampleView.swift */,
				78E0589A300B1D6900560150 /* StateExampleView.swift */,
				78E0589B300B1D6900560150 /* BindingExampleView.swift */,
				78E0589C300B1D6900560150 /* ObservableObjectExampleView.swift */,
				78E0589D300B1D6900560150 /* CustomEnvironmentValueView.swift */,
				78E0589E300B1D6900560150 /* ViewBuilderTipsView.swift */,
				78E0589F300B1D6900560150 /* SizeClassesView.swift */,
			);
			path = Medium;
			sourceTree = "<group>";
		};
		78E058AB300B1D6900560150 /* Easy */ = {
			isa = PBXGroup;
			children = (
				78E058A1300B1D6900560150 /* HomeView.swift */,
				78E058A2300B1D6900560150 /* ViewLifeCycleView.swift */,
				78E058A3300B1D6900560150 /* StackExampleView.swift */,
				78E058A4300B1D6900560150 /* SpacerExampleView.swift */,
				78E058A5300B1D6900560150 /* UIElementsExampleView.swift */,
				78E058A6300B1D6900560150 /* SimpleZoomAnimationView.swift */,
				78E058A7300B1D6900560150 /* SystemEnvironmentExampleView.swift */,
				78E058A8300B1D6900560150 /* SFSymbolsExampleView.swift */,
				78E058A9300B1D6900560150 /* ColorExampleView.swift */,
				78E058AA300B1D6900560150 /* ViewModifierExampleView.swift */,
			);
			path = Easy;
			sourceTree = "<group>";
		};
		78E058AC300B1D6900560150 /* Examples */ = {
			isa = PBXGroup;
			children = (
				E1A2B3C4D5E6F7890A1B2C3D /* ExamplesMainView.swift */,
				78E05896300B1D6900560150 /* Advance */,
				78E058A0300B1D6900560150 /* Medium */,
				78E058AB300B1D6900560150 /* Easy */,
			);
			path = Examples;
			sourceTree = "<group>";
		};
		82A925FE520D0980413BE0A3 /* TabViews */ = {
			isa = PBXGroup;
			children = (
				5DB784DF4589095572C808AF /* TabViewExampleView.swift */,
			);
			path = TabViews;
			sourceTree = "<group>";
		};
		A06766F30A559445E5E97BF4 /* GridLayouts */ = {
			isa = PBXGroup;
			children = (
				A357734999E6F13B8F0932E7 /* GridLayoutView.swift */,
			);
			path = GridLayouts;
			sourceTree = "<group>";
		};
		BD1C273267923CB30F9B70D3 /* StateManagement */ = {
			isa = PBXGroup;
			children = (
				6C5CCE678106E32A8455AE4F /* StateManagementView.swift */,
			);
			path = StateManagement;
			sourceTree = "<group>";
		};
		DB282FDD45D7ECCBD2516BBA /* Gestures */ = {
			isa = PBXGroup;
			children = (
				3172C9490396E8CEB55017A3 /* GestureExampleView.swift */,
			);
			path = Gestures;
			sourceTree = "<group>";
		};
		DDC40E6968266273CCF2369C /* AsyncAwait */ = {
			isa = PBXGroup;
			children = (
				D1C8EE61EF56C17CFEBFA1B8 /* AsyncAwaitView.swift */,
			);
			path = AsyncAwait;
			sourceTree = "<group>";
		};
		FB9C40A1BE5315CF1C9BC0E9 /* Animations */ = {
			isa = PBXGroup;
			children = (
				B21AA26CBA3716F8A4E97637 /* AnimationExampleView.swift */,
			);
			path = Animations;
			sourceTree = "<group>";
		};
/* End PBXGroup section */

/* Begin PBXNativeTarget section */
		7878E34F25A4483900AEE227 /* SwiftUIExample (iOS) */ = {
			isa = PBXNativeTarget;
			buildConfigurationList = 7878E36425A4483900AEE227 /* Build configuration list for PBXNativeTarget "SwiftUIExample (iOS)" */;
			buildPhases = (
				7878E34C25A4483900AEE227 /* Sources */,
				7878E34D25A4483900AEE227 /* Frameworks */,
				7878E34E25A4483900AEE227 /* Resources */,
			);
			buildRules = (
			);
			dependencies = (
			);
			name = "SwiftUIExample (iOS)";
			productName = "SwiftUIExample (iOS)";
			productReference = 7878E35025A4483900AEE227 /* SwiftUIExample.app */;
			productType = "com.apple.product-type.application";
		};
		7878E35725A4483900AEE227 /* SwiftUIExample (macOS) */ = {
			isa = PBXNativeTarget;
			buildConfigurationList = 7878E36725A4483900AEE227 /* Build configuration list for PBXNativeTarget "SwiftUIExample (macOS)" */;
			buildPhases = (
				7878E35425A4483900AEE227 /* Sources */,
				7878E35525A4483900AEE227 /* Frameworks */,
				7878E35625A4483900AEE227 /* Resources */,
			);
			buildRules = (
			);
			dependencies = (
			);
			name = "SwiftUIExample (macOS)";
			productName = "SwiftUIExample (macOS)";
			productReference = 7878E35825A4483900AEE227 /* SwiftUIExample.app */;
			productType = "com.apple.product-type.application";
		};
/* End PBXNativeTarget section */

/* Begin PBXProject section */
		7878E34425A4483800AEE227 /* Project object */ = {
			isa = PBXProject;
			attributes = {
				LastSwiftUpdateCheck = 1230;
				LastUpgradeCheck = 1230;
				TargetAttributes = {
					7878E34F25A4483900AEE227 = {
						CreatedOnToolsVersion = 12.3;
					};
					7878E35725A4483900AEE227 = {
						CreatedOnToolsVersion = 12.3;
					};
				};
			};
			buildConfigurationList = 7878E34725A4483800AEE227 /* Build configuration list for PBXProject "SwiftUIExample" */;
			compatibilityVersion = "Xcode 9.3";
			developmentRegion = en;
			hasScannedForEncodings = 0;
			knownRegions = (
				en,
				Base,
			);
			mainGroup = 7878E34325A4483800AEE227;
			productRefGroup = 7878E35125A4483900AEE227 /* Products */;
			projectDirPath = "";
			projectRoot = "";
			targets = (
				7878E34F25A4483900AEE227 /* SwiftUIExample (iOS) */,
				7878E35725A4483900AEE227 /* SwiftUIExample (macOS) */,
			);
		};
/* End PBXProject section */

/* Begin PBXResourcesBuildPhase section */
		7878E34E25A4483900AEE227 /* Resources */ = {
			isa = PBXResourcesBuildPhase;
			buildActionMask = 2147483647;
			files = (
				7878E36025A4483900AEE227 /* Assets.xcassets in Resources */,
			);
			runOnlyForDeploymentPostprocessing = 0;
		};
		7878E35625A4483900AEE227 /* Resources */ = {
			isa = PBXResourcesBuildPhase;
			buildActionMask = 2147483647;
			files = (
				7878E36125A4483900AEE227 /* Assets.xcassets in Resources */,
			);
			runOnlyForDeploymentPostprocessing = 0;
		};
/* End PBXResourcesBuildPhase section */

/* Begin PBXSourcesBuildPhase section */
		7878E34C25A4483900AEE227 /* Sources */ = {
			isa = PBXSourcesBuildPhase;
			buildActionMask = 2147483647;
			files = (
				7856A46626F97BEE00805C84 /* MemoryGraphView.swift in Sources */,
				7856A44F26F96E1700805C84 /* AppDelegate.swift in Sources */,
				7856A46126F97BB200805C84 /* MemoryGraphModel.swift in Sources */,
				7878E35C25A4483900AEE227 /* SwiftUIExampleApp.swift in Sources */,
				7856A46F26F9831D00805C84 /* MemoryGraphWithoutLeakView.swift in Sources */,
				7878E36D25A4498700AEE227 /* ModalSheetView.swift in Sources */,
				7856A45426F9710500805C84 /* SceneDelegate.swift in Sources */,
				2DBB09B8D69390D1192F389C /* ListExampleView.swift in Sources */,
				5A43D4845D1ABE9E303C8992 /* FormExampleView.swift in Sources */,
				9855B6CC3268D3AB035EAD3B /* AnimationExampleView.swift in Sources */,
				0D59ED2A2733185463876E9C /* GestureExampleView.swift in Sources */,
				C83F640CD6A72C0D38666AD5 /* StateManagementView.swift in Sources */,
				78E058AD300B1D6900560150 /* MVVMexampleView.swift in Sources */,
				78E058AE300B1D6900560150 /* ViewLifeCycleView.swift in Sources */,
				78E058AF300B1D6900560150 /* ScrollViewLazyVStackView.swift in Sources */,
				78E058B0300B1D6900560150 /* StateExampleView.swift in Sources */,
				78E058B1300B1D6900560150 /* ExtensionOnAnyView.swift in Sources */,
				78E058B2300B1D6900560150 /* UIElementsExampleView.swift in Sources */,
				78E058B3300B1D6900560150 /* SizeClassesView.swift in Sources */,
				78E058B4300B1D6900560150 /* EnvironmentObjectExampleView.swift in Sources */,
				78E058B5300B1D6900560150 /* SystemEnvironmentExampleView.swift in Sources */,
				78E058B6300B1D6900560150 /* NavigationLinkExampleView.swift in Sources */,
				78E058B7300B1D6900560150 /* HomeView.swift in Sources */,
				78E058B8300B1D6900560150 /* ViewBuilderCustomView.swift in Sources */,
				78E058B9300B1D6900560150 /* CleanCodeViewUsingExtension.swift in Sources */,
				78E058BA300B1D6900560150 /* CustomEnvironmentValueView.swift in Sources */,
				78E058BB300B1D6900560150 /* ViewBuilderTipsView.swift in Sources */,
				78E058BC300B1D6900560150 /* GeometryReaderView.swift in Sources */,
				78E058BD300B1D6900560150 /* SFSymbolsExampleView.swift in Sources */,
				78E058BE300B1D6900560150 /* SimpleZoomAnimationView.swift in Sources */,
				78E058BF300B1D6900560150 /* StackExampleView.swift in Sources */,
				78E058C0300B1D6900560150 /* CleanCodeViewFunctionVariable.swift in Sources */,
				78E058C1300B1D6900560150 /* SpacerExampleView.swift in Sources */,
				78E058C2300B1D6900560150 /* BindingExampleView.swift in Sources */,
				78E058C3300B1D6900560150 /* ViewModifierExampleView.swift in Sources */,
				78E058C4300B1D6900560150 /* ColorExampleView.swift in Sources */,
				78E058C5300B1D6900560150 /* ObservableObjectExampleView.swift in Sources */,
				C7C642F8C7055257217B40CF /* GridLayoutView.swift in Sources */,
				7AC5BF072ECD4133221CC733 /* AsyncAwaitView.swift in Sources */,
				041B2785BFAB5438E06B9471 /* TabViewExampleView.swift in Sources */,
				F1A2B3C4D5E6F7890A1B2C3E /* ExamplesMainView.swift in Sources */,
			);
			runOnlyForDeploymentPostprocessing = 0;
		};
		7878E35425A4483900AEE227 /* Sources */ = {
			isa = PBXSourcesBuildPhase;
			buildActionMask = 2147483647;
			files = (
				7856A46726F97BEE00805C84 /* MemoryGraphView.swift in Sources */,
				7856A45026F96E1700805C84 /* AppDelegate.swift in Sources */,
				7856A46226F97BB200805C84 /* MemoryGraphModel.swift in Sources */,
				7878E35D25A4483900AEE227 /* SwiftUIExampleApp.swift in Sources */,
				78E058C6300B1D6900560150 /* MVVMexampleView.swift in Sources */,
				78E058C7300B1D6900560150 /* ViewLifeCycleView.swift in Sources */,
				78E058C8300B1D6900560150 /* ScrollViewLazyVStackView.swift in Sources */,
				78E058C9300B1D6900560150 /* StateExampleView.swift in Sources */,
				78E058CA300B1D6900560150 /* ExtensionOnAnyView.swift in Sources */,
				78E058CB300B1D6900560150 /* UIElementsExampleView.swift in Sources */,
				78E058CC300B1D6900560150 /* SizeClassesView.swift in Sources */,
				78E058CD300B1D6900560150 /* EnvironmentObjectExampleView.swift in Sources */,
				78E058CE300B1D6900560150 /* SystemEnvironmentExampleView.swift in Sources */,
				78E058CF300B1D6900560150 /* NavigationLinkExampleView.swift in Sources */,
				78E058D0300B1D6900560150 /* HomeView.swift in Sources */,
				78E058D1300B1D6900560150 /* ViewBuilderCustomView.swift in Sources */,
				78E058D2300B1D6900560150 /* CleanCodeViewUsingExtension.swift in Sources */,
				78E058D3300B1D6900560150 /* CustomEnvironmentValueView.swift in Sources */,
				78E058D4300B1D6900560150 /* ViewBuilderTipsView.swift in Sources */,
				78E058D5300B1D6900560150 /* GeometryReaderView.swift in Sources */,
				78E058D6300B1D6900560150 /* SFSymbolsExampleView.swift in Sources */,
				78E058D7300B1D6900560150 /* SimpleZoomAnimationView.swift in Sources */,
				78E058D8300B1D6900560150 /* StackExampleView.swift in Sources */,
				78E058D9300B1D6900560150 /* CleanCodeViewFunctionVariable.swift in Sources */,
				78E058DA300B1D6900560150 /* SpacerExampleView.swift in Sources */,
				78E058DB300B1D6900560150 /* BindingExampleView.swift in Sources */,
				78E058DC300B1D6900560150 /* ViewModifierExampleView.swift in Sources */,
				78E058DD300B1D6900560150 /* ColorExampleView.swift in Sources */,
				78E058DE300B1D6900560150 /* ObservableObjectExampleView.swift in Sources */,
				7856A47026F9831D00805C84 /* MemoryGraphWithoutLeakView.swift in Sources */,
				7878E36E25A4498700AEE227 /* ModalSheetView.swift in Sources */,
				7856A45526F9710500805C84 /* SceneDelegate.swift in Sources */,
				F1A2B3C4D5E6F7890A1B2C3F /* ExamplesMainView.swift in Sources */,
			);
			runOnlyForDeploymentPostprocessing = 0;
		};
/* End PBXSourcesBuildPhase section */

/* Begin XCBuildConfiguration section */
		7878E36225A4483900AEE227 /* Debug */ = {
			isa = XCBuildConfiguration;
			buildSettings = {
				ALWAYS_SEARCH_USER_PATHS = NO;
				CLANG_ANALYZER_NONNULL = YES;
				CLANG_ANALYZER_NUMBER_OBJECT_CONVERSION = YES_AGGRESSIVE;
				CLANG_CXX_LANGUAGE_STANDARD = "gnu++14";
				CLANG_CXX_LIBRARY = "libc++";
				CLANG_ENABLE_MODULES = YES;
				CLANG_ENABLE_OBJC_ARC = YES;
				CLANG_ENABLE_OBJC_WEAK = YES;
				CLANG_WARN_BLOCK_CAPTURE_AUTORELEASING = YES;
				CLANG_WARN_BOOL_CONVERSION = YES;
				CLANG_WARN_COMMA = YES;
				CLANG_WARN_CONSTANT_CONVERSION = YES;
				CLANG_WARN_DEPRECATED_OBJC_IMPLEMENTATIONS = YES;
				CLANG_WARN_DIRECT_OBJC_ISA_USAGE = YES_ERROR;
				CLANG_WARN_DOCUMENTATION_COMMENTS = YES;
				CLANG_WARN_EMPTY_BODY = YES;
				CLANG_WARN_ENUM_CONVERSION = YES;
				CLANG_WARN_INFINITE_RECURSION = YES;
				CLANG_WARN_INT_CONVERSION = YES;
				CLANG_WARN_NON_LITERAL_NULL_CONVERSION = YES;
				CLANG_WARN_OBJC_IMPLICIT_RETAIN_SELF = YES;
				CLANG_WARN_OBJC_LITERAL_CONVERSION = YES;
				CLANG_WARN_OBJC_ROOT_CLASS = YES_ERROR;
				CLANG_WARN_QUOTED_INCLUDE_IN_FRAMEWORK_HEADER = YES;
				CLANG_WARN_RANGE_LOOP_ANALYSIS = YES;
				CLANG_WARN_STRICT_PROTOTYPES = YES;
				CLANG_WARN_SUSPICIOUS_MOVE = YES;
				CLANG_WARN_UNGUARDED_AVAILABILITY = YES_AGGRESSIVE;
				CLANG_WARN_UNREACHABLE_CODE = YES;
				CLANG_WARN__DUPLICATE_METHOD_MATCH = YES;
				COPY_PHASE_STRIP = NO;
				DEBUG_INFORMATION_FORMAT = dwarf;
				ENABLE_STRICT_OBJC_MSGSEND = YES;
				ENABLE_TESTABILITY = YES;
				GCC_C_LANGUAGE_STANDARD = gnu11;
				GCC_DYNAMIC_NO_PIC = NO;
				GCC_NO_COMMON_BLOCKS = YES;
				GCC_OPTIMIZATION_LEVEL = 0;
				GCC_PREPROCESSOR_DEFINITIONS = (
					"DEBUG=1",
					"$(inherited)",
				);
				GCC_WARN_64_TO_32_BIT_CONVERSION = YES;
				GCC_WARN_ABOUT_RETURN_TYPE = YES_ERROR;
				GCC_WARN_UNDECLARED_SELECTOR = YES;
				GCC_WARN_UNINITIALIZED_AUTOS = YES_AGGRESSIVE;
				GCC_WARN_UNUSED_FUNCTION = YES;
				GCC_WARN_UNUSED_VARIABLE = YES;
				MTL_ENABLE_DEBUG_INFO = INCLUDE_SOURCE;
				MTL_FAST_MATH = YES;
				ONLY_ACTIVE_ARCH = YES;
				SWIFT_ACTIVE_COMPILATION_CONDITIONS = DEBUG;
				SWIFT_OPTIMIZATION_LEVEL = "-Onone";
			};
			name = Debug;
		};
		7878E36325A4483900AEE227 /* Release */ = {
			isa = XCBuildConfiguration;
			buildSettings = {
				ALWAYS_SEARCH_USER_PATHS = NO;
				CLANG_ANALYZER_NONNULL = YES;
				CLANG_ANALYZER_NUMBER_OBJECT_CONVERSION = YES_AGGRESSIVE;
				CLANG_CXX_LANGUAGE_STANDARD = "gnu++14";
				CLANG_CXX_LIBRARY = "libc++";
				CLANG_ENABLE_MODULES = YES;
				CLANG_ENABLE_OBJC_ARC = YES;
				CLANG_ENABLE_OBJC_WEAK = YES;
				CLANG_WARN_BLOCK_CAPTURE_AUTORELEASING = YES;
				CLANG_WARN_BOOL_CONVERSION = YES;
				CLANG_WARN_COMMA = YES;
				CLANG_WARN_CONSTANT_CONVERSION = YES;
				CLANG_WARN_DEPRECATED_OBJC_IMPLEMENTATIONS = YES;
				CLANG_WARN_DIRECT_OBJC_ISA_USAGE = YES_ERROR;
				CLANG_WARN_DOCUMENTATION_COMMENTS = YES;
				CLANG_WARN_EMPTY_BODY = YES;
				CLANG_WARN_ENUM_CONVERSION = YES;
				CLANG_WARN_INFINITE_RECURSION = YES;
				CLANG_WARN_INT_CONVERSION = YES;
				CLANG_WARN_NON_LITERAL_NULL_CONVERSION = YES;
				CLANG_WARN_OBJC_IMPLICIT_RETAIN_SELF = YES;
				CLANG_WARN_OBJC_LITERAL_CONVERSION = YES;
				CLANG_WARN_OBJC_ROOT_CLASS = YES_ERROR;
				CLANG_WARN_QUOTED_INCLUDE_IN_FRAMEWORK_HEADER = YES;
				CLANG_WARN_RANGE_LOOP_ANALYSIS = YES;
				CLANG_WARN_STRICT_PROTOTYPES = YES;
				CLANG_WARN_SUSPICIOUS_MOVE = YES;
				CLANG_WARN_UNGUARDED_AVAILABILITY = YES_AGGRESSIVE;
				CLANG_WARN_UNREACHABLE_CODE = YES;
				CLANG_WARN__DUPLICATE_METHOD_MATCH = YES;
				COPY_PHASE_STRIP = NO;
				DEBUG_INFORMATION_FORMAT = "dwarf-with-dsym";
				ENABLE_NS_ASSERTIONS = NO;
				ENABLE_STRICT_OBJC_MSGSEND = YES;
				GCC_C_LANGUAGE_STANDARD = gnu11;
				GCC_NO_COMMON_BLOCKS = YES;
				GCC_WARN_64_TO_32_BIT_CONVERSION = YES;
				GCC_WARN_ABOUT_RETURN_TYPE = YES_ERROR;
				GCC_WARN_UNDECLARED_SELECTOR = YES;
				GCC_WARN_UNINITIALIZED_AUTOS = YES_AGGRESSIVE;
				GCC_WARN_UNUSED_FUNCTION = YES;
				GCC_WARN_UNUSED_VARIABLE = YES;
				MTL_ENABLE_DEBUG_INFO = NO;
				MTL_FAST_MATH = YES;
				SWIFT_COMPILATION_MODE = wholemodule;
				SWIFT_OPTIMIZATION_LEVEL = "-O";
			};
			name = Release;
		};
		7878E36525A4483900AEE227 /* Debug */ = {
			isa = XCBuildConfiguration;
			buildSettings = {
				ASSETCATALOG_COMPILER_APPICON_NAME = AppIcon;
				ASSETCATALOG_COMPILER_GLOBAL_ACCENT_COLOR_NAME = AccentColor;
				CODE_SIGN_IDENTITY = "Apple Development";
				CODE_SIGN_STYLE = Automatic;
				DEVELOPMENT_TEAM = AM2A35C3AY;
				ENABLE_PREVIEWS = YES;
				INFOPLIST_FILE = iOS/Info.plist;
				IPHONEOS_DEPLOYMENT_TARGET = 14.0;
				LD_RUNPATH_SEARCH_PATHS = (
					"$(inherited)",
					"@executable_path/Frameworks",
				);
				PRODUCT_BUNDLE_IDENTIFIER = dinakar.SwiftUIExample;
				PRODUCT_NAME = SwiftUIExample;
				PROVISIONING_PROFILE_SPECIFIER = "";
				SDKROOT = iphoneos;
				SWIFT_VERSION = 5.0;
				TARGETED_DEVICE_FAMILY = "1,2";
			};
			name = Debug;
		};
		7878E36625A4483900AEE227 /* Release */ = {
			isa = XCBuildConfiguration;
			buildSettings = {
				ASSETCATALOG_COMPILER_APPICON_NAME = AppIcon;
				ASSETCATALOG_COMPILER_GLOBAL_ACCENT_COLOR_NAME = AccentColor;
				CODE_SIGN_IDENTITY = "Apple Development";
				CODE_SIGN_STYLE = Automatic;
				DEVELOPMENT_TEAM = AM2A35C3AY;
				ENABLE_PREVIEWS = YES;
				INFOPLIST_FILE = iOS/Info.plist;
				IPHONEOS_DEPLOYMENT_TARGET = 14.0;
				LD_RUNPATH_SEARCH_PATHS = (
					"$(inherited)",
					"@executable_path/Frameworks",
				);
				PRODUCT_BUNDLE_IDENTIFIER = dinakar.SwiftUIExample;
				PRODUCT_NAME = SwiftUIExample;
				PROVISIONING_PROFILE_SPECIFIER = "";
				SDKROOT = iphoneos;
				SWIFT_VERSION = 5.0;
				TARGETED_DEVICE_FAMILY = "1,2";
				VALIDATE_PRODUCT = YES;
			};
			name = Release;
		};
		7878E36825A4483900AEE227 /* Debug */ = {
			isa = XCBuildConfiguration;
			buildSettings = {
				ASSETCATALOG_COMPILER_APPICON_NAME = AppIcon;
				ASSETCATALOG_COMPILER_GLOBAL_ACCENT_COLOR_NAME = AccentColor;
				CODE_SIGN_ENTITLEMENTS = macOS/macOS.entitlements;
				CODE_SIGN_STYLE = Automatic;
				COMBINE_HIDPI_IMAGES = YES;
				ENABLE_PREVIEWS = YES;
				INFOPLIST_FILE = macOS/Info.plist;
				LD_RUNPATH_SEARCH_PATHS = (
					"$(inherited)",
					"@executable_path/../Frameworks",
				);
				MACOSX_DEPLOYMENT_TARGET = 11.0;
				PRODUCT_BUNDLE_IDENTIFIER = dinakar.SwiftUIExample;
				PRODUCT_NAME = SwiftUIExample;
				SDKROOT = macosx;
				SWIFT_VERSION = 5.0;
			};
			name = Debug;
		};
		7878E36925A4483900AEE227 /* Release */ = {
			isa = XCBuildConfiguration;
			buildSettings = {
				ASSETCATALOG_COMPILER_APPICON_NAME = AppIcon;
				ASSETCATALOG_COMPILER_GLOBAL_ACCENT_COLOR_NAME = AccentColor;
				CODE_SIGN_ENTITLEMENTS = macOS/macOS.entitlements;
				CODE_SIGN_STYLE = Automatic;
				COMBINE_HIDPI_IMAGES = YES;
				ENABLE_PREVIEWS = YES;
				INFOPLIST_FILE = macOS/Info.plist;
				LD_RUNPATH_SEARCH_PATHS = (
					"$(inherited)",
					"@executable_path/../Frameworks",
				);
				MACOSX_DEPLOYMENT_TARGET = 11.0;
				PRODUCT_BUNDLE_IDENTIFIER = dinakar.SwiftUIExample;
				PRODUCT_NAME = SwiftUIExample;
				SDKROOT = macosx;
				SWIFT_VERSION = 5.0;
			};
			name = Release;
		};
/* End XCBuildConfiguration section */

/* Begin XCConfigurationList section */
		7878E34725A4483800AEE227 /* Build configuration list for PBXProject "SwiftUIExample" */ = {
			isa = XCConfigurationList;
			buildConfigurations = (
				7878E36225A4483900AEE227 /* Debug */,
				7878E36325A4483900AEE227 /* Release */,
			);
			defaultConfigurationIsVisible = 0;
			defaultConfigurationName = Release;
		};
		7878E36425A4483900AEE227 /* Build configuration list for PBXNativeTarget "SwiftUIExample (iOS)" */ = {
			isa = XCConfigurationList;
			buildConfigurations = (
				7878E36525A4483900AEE227 /* Debug */,
				7878E36625A4483900AEE227 /* Release */,
			);
			defaultConfigurationIsVisible = 0;
			defaultConfigurationName = Release;
		};
		7878E36725A4483900AEE227 /* Build configuration list for PBXNativeTarget "SwiftUIExample (macOS)" */ = {
			isa = XCConfigurationList;
			buildConfigurations = (
				7878E36825A4483900AEE227 /* Debug */,
				7878E36925A4483900AEE227 /* Release */,
			);
			defaultConfigurationIsVisible = 0;
			defaultConfigurationName = Release;
		};
/* End XCConfigurationList section */
	};
	rootObject = 7878E34425A4483800AEE227 /* Project object */;
}
